
Microsoft Visual Studio Solution File, Format Version 12.00
Project("{FAE04EC0-301F-11D3-BF4B-00C04F79EFBC}") = "AirportLostItemApp", "AirportLostItemApp\AirportLostItemApp.csproj", "{450AC36F-0373-4744-BAB2-9F6BEF04D98E}"
EndProject
Global
	GlobalSection(SolutionConfigurationPlatforms) = preSolution
		Debug|Any CPU = Debug|Any CPU
		Release|Any CPU = Release|Any CPU
	EndGlobalSection
	GlobalSection(ProjectConfigurationPlatforms) = postSolution
		{450AC36F-0373-4744-BAB2-9F6BEF04D98E}.Debug|Any CPU.ActiveCfg = Debug|Any CPU
		{450AC36F-0373-4744-BAB2-9F6BEF04D98E}.Debug|Any CPU.Build.0 = Debug|Any CPU
		{450AC36F-0373-4744-BAB2-9F6BEF04D98E}.Release|Any CPU.ActiveCfg = Release|Any CPU
		{450AC36F-0373-4744-BAB2-9F6BEF04D98E}.Release|Any CPU.Build.0 = Release|Any CPU
	EndGlobalSection
EndGlobal
